Microsoft Visual Studio Solution File, Format Version 12.00
# Visual Studio Version 17
VisualStudioVersion = 17.0.31903.59
MinimumVisualStudioVersion = 10.0.40219.1
Project("{2150E333-8FDC-42A3-9474-1A3956D46DE8}") = "BackEnd", "BackEnd", "{1AE8ACA6-933B-BF2A-3671-3E2EAC007D16}"
EndProject
Project("{FAE04EC0-301F-11D3-BF4B-00C04F79EFBC}") = "backendAPI", "BackEnd\backendAPI.csproj", "{503957D0-E696-40EE-BF0B-5DBBE6C2A2AE}"
EndProject
Project("{2150E333-8FDC-42A3-9474-1A3956D46DE8}") = "tests", "tests", "{013F3D63-404E-4732-B012-C49F7969EF25}"
EndProject
Project("{FAE04EC0-301F-11D3-BF4B-00C04F79EFBC}") = "BackEnd.UnitTests", "tests\BackEnd.UnitTests\BackEnd.UnitTests.csproj", "{6B3C8884-F3A6-4329-B24A-4A9693A35C9F}"
EndProject
Project("{FAE04EC0-301F-11D3-BF4B-00C04F79EFBC}") = "BackEnd.IntegrationTests", "tests\BackEnd.IntegrationTests\BackEnd.IntegrationTests.csproj", "{ABF8DBD6-126B-4A0B-AEF3-293ACC931905}"
EndProject
Project("{FAE04EC0-301F-11D3-BF4B-00C04F79EFBC}") = "BackEnd.RegressionTests", "tests\BackEnd.RegressionTests\BackEnd.RegressionTests.csproj", "{3118C7D1-8676-4E4A-A649-A9B84E04CAA1}"
EndProject
Global
	GlobalSection(SolutionConfigurationPlatforms) = preSolution
		Debug|Any CPU = Debug|Any CPU
		Debug|x64 = Debug|x64
		Debug|x86 = Debug|x86
		Release|Any CPU = Release|Any CPU
		Release|x64 = Release|x64
		Release|x86 = Release|x86
	EndGlobalSection
	GlobalSection(ProjectConfigurationPlatforms) = postSolution
		{503957D0-E696-40EE-BF0B-5DBBE6C2A2AE}.Debug|Any CPU.ActiveCfg = Debug|Any CPU
		{503957D0-E696-40EE-BF0B-5DBBE6C2A2AE}.Debug|Any CPU.Build.0 = Debug|Any CPU
		{503957D0-E696-40EE-BF0B-5DBBE6C2A2AE}.Debug|x64.ActiveCfg = Debug|Any CPU
		{503957D0-E696-40EE-BF0B-5DBBE6C2A2AE}.Debug|x64.Build.0 = Debug|Any CPU
		{503957D0-E696-40EE-BF0B-5DBBE6C2A2AE}.Debug|x86.ActiveCfg = Debug|Any CPU
		{503957D0-E696-40EE-BF0B-5DBBE6C2A2AE}.Debug|x86.Build.0 = Debug|Any CPU
		{503957D0-E696-40EE-BF0B-5DBBE6C2A2AE}.Release|Any CPU.ActiveCfg = Release|Any CPU
		{503957D0-E696-40EE-BF0B-5DBBE6C2A2AE}.Release|Any CPU.Build.0 = Release|Any CPU
		{503957D0-E696-40EE-BF0B-5DBBE6C2A2AE}.Release|x64.ActiveCfg = Release|Any CPU
		{503957D0-E696-40EE-BF0B-5DBBE6C2A2AE}.Release|x64.Build.0 = Release|Any CPU
		{503957D0-E696-40EE-BF0B-5DBBE6C2A2AE}.Release|x86.ActiveCfg = Release|Any CPU
		{503957D0-E696-40EE-BF0B-5DBBE6C2A2AE}.Release|x86.Build.0 = Release|Any CPU
		{6B3C8884-F3A6-4329-B24A-4A9693A35C9F}.Debug|Any CPU.ActiveCfg = Debug|Any CPU
		{6B3C8884-F3A6-4329-B24A-4A9693A35C9F}.Debug|Any CPU.Build.0 = Debug|Any CPU
		{6B3C8884-F3A6-4329-B24A-4A9693A35C9F}.Debug|x64.ActiveCfg = Debug|Any CPU
		{6B3C8884-F3A6-4329-B24A-4A9693A35C9F}.Debug|x64.Build.0 = Debug|Any CPU
		{6B3C8884-F3A6-4329-B24A-4A9693A35C9F}.Debug|x86.ActiveCfg = Debug|Any CPU
		{6B3C8884-F3A6-4329-B24A-4A9693A35C9F}.Debug|x86.Build.0 = Debug|Any CPU
		{6B3C8884-F3A6-4329-B24A-4A9693A35C9F}.Release|Any CPU.ActiveCfg = Release|Any CPU
		{6B3C8884-F3A6-4329-B24A-4A9693A35C9F}.Release|Any CPU.Build.0 = Release|Any CPU
		{6B3C8884-F3A6-4329-B24A-4A9693A35C9F}.Release|x64.ActiveCfg = Release|Any CPU
		{6B3C8884-F3A6-4329-B24A-4A9693A35C9F}.Release|x64.Build.0 = Release|Any CPU
		{6B3C8884-F3A6-4329-B24A-4A9693A35C9F}.Release|x86.ActiveCfg = Release|Any CPU
		{6B3C8884-F3A6-4329-B24A-4A9693A35C9F}.Release|x86.Build.0 = Release|Any CPU
		{ABF8DBD6-126B-4A0B-AEF3-293ACC931905}.Debug|Any CPU.ActiveCfg = Debug|Any CPU
		{ABF8DBD6-126B-4A0B-AEF3-293ACC931905}.Debug|Any CPU.Build.0 = Debug|Any CPU
		{ABF8DBD6-126B-4A0B-AEF3-293ACC931905}.Debug|x64.ActiveCfg = Debug|Any CPU
		{ABF8DBD6-126B-4A0B-AEF3-293ACC931905}.Debug|x64.Build.0 = Debug|Any CPU
		{ABF8DBD6-126B-4A0B-AEF3-293ACC931905}.Debug|x86.ActiveCfg = Debug|Any CPU
		{ABF8DBD6-126B-4A0B-AEF3-293ACC931905}.Debug|x86.Build.0 = Debug|Any CPU
		{ABF8DBD6-126B-4A0B-AEF3-293ACC931905}.Release|Any CPU.ActiveCfg = Release|Any CPU
		{ABF8DBD6-126B-4A0B-AEF3-293ACC931905}.Release|Any CPU.Build.0 = Release|Any CPU
		{ABF8DBD6-126B-4A0B-AEF3-293ACC931905}.Release|x64.ActiveCfg = Release|Any CPU
		{ABF8DBD6-126B-4A0B-AEF3-293ACC931905}.Release|x64.Build.0 = Release|Any CPU
		{ABF8DBD6-126B-4A0B-AEF3-293ACC931905}.Release|x86.ActiveCfg = Release|Any CPU
		{ABF8DBD6-126B-4A0B-AEF3-293ACC931905}.Release|x86.Build.0 = Release|Any CPU
		{3118C7D1-8676-4E4A-A649-A9B84E04CAA1}.Debug|Any CPU.ActiveCfg = Debug|Any CPU
		{3118C7D1-8676-4E4A-A649-A9B84E04CAA1}.Debug|Any CPU.Build.0 = Debug|Any CPU
		{3118C7D1-8676-4E4A-A649-A9B84E04CAA1}.Debug|x64.ActiveCfg = Debug|Any CPU
		{3118C7D1-8676-4E4A-A649-A9B84E04CAA1}.Debug|x64.Build.0 = Debug|Any CPU
		{3118C7D1-8676-4E4A-A649-A9B84E04CAA1}.Debug|x86.ActiveCfg = Debug|Any CPU
		{3118C7D1-8676-4E4A-A649-A9B84E04CAA1}.Debug|x86.Build.0 = Debug|Any CPU
		{3118C7D1-8676-4E4A-A649-A9B84E04CAA1}.Release|Any CPU.ActiveCfg = Release|Any CPU
		{3118C7D1-8676-4E4A-A649-A9B84E04CAA1}.Release|Any CPU.Build.0 = Release|Any CPU
		{3118C7D1-8676-4E4A-A649-A9B84E04CAA1}.Release|x64.ActiveCfg = Release|Any CPU
		{3118C7D1-8676-4E4A-A649-A9B84E04CAA1}.Release|x64.Build.0 = Release|Any CPU
		{3118C7D1-8676-4E4A-A649-A9B84E04CAA1}.Release|x86.ActiveCfg = Release|Any CPU
		{3118C7D1-8676-4E4A-A649-A9B84E04CAA1}.Release|x86.Build.0 = Release|Any CPU
	EndGlobalSection
	GlobalSection(SolutionProperties) = preSolution
		HideSolutionNode = FALSE
	EndGlobalSection
	GlobalSection(NestedProjects) = preSolution
		{503957D0-E696-40EE-BF0B-5DBBE6C2A2AE} = {1AE8ACA6-933B-BF2A-3671-3E2EAC007D16}
		{6B3C8884-F3A6-4329-B24A-4A9693A35C9F} = {013F3D63-404E-4732-B012-C49F7969EF25}
		{ABF8DBD6-126B-4A0B-AEF3-293ACC931905} = {013F3D63-404E-4732-B012-C49F7969EF25}
		{3118C7D1-8676-4E4A-A649-A9B84E04CAA1} = {013F3D63-404E-4732-B012-C49F7969EF25}
	EndGlobalSection
EndGlobal
